
Microsoft Visual Studio Solution File, Format Version 12.00
# Visual Studio 15
VisualStudioVersion = 15.0.27703.2018
MinimumVisualStudioVersion = 10.0.40219.1
Project("{FAE04EC0-301F-11D3-BF4B-00C04F79EFBC}") = "NorthwindFormCF-UI", "NorthwindFormCF-UI\NorthwindFormCF-UI.csproj", "{C6A724B5-3E8F-47A9-9548-7E03FD5CD7F7}"
EndProject
Project("{FAE04EC0-301F-11D3-BF4B-00C04F79EFBC}") = "NorthwindFormCF-DAL", "NorthwindFormCF-DAL\NorthwindFormCF-DAL.csproj", "{E24911D1-1F60-473E-A48C-1A2BF6CE806F}"
EndProject
Project("{FAE04EC0-301F-11D3-BF4B-00C04F79EFBC}") = "NorthwindFormCF-BLL", "NorthwindFormCF-BLL\NorthwindFormCF-BLL.csproj", "{411F8038-E8CE-4834-BAB9-44A2DD2B939B}"
EndProject
Project("{FAE04EC0-301F-11D3-BF4B-00C04F79EFBC}") = "NorthwindFormCF-entity", "NorthwindFormCF-entity\NorthwindFormCF-entity.csproj", "{090A295A-CFDA-4180-BBAA-D5E218E1D0D7}"
EndProject
Global
	GlobalSection(SolutionConfigurationPlatforms) = preSolution
		Debug|Any CPU = Debug|Any CPU
		Release|Any CPU = Release|Any CPU
	EndGlobalSection
	GlobalSection(ProjectConfigurationPlatforms) = postSolution
		{C6A724B5-3E8F-47A9-9548-7E03FD5CD7F7}.Debug|Any CPU.ActiveCfg = Debug|Any CPU
		{C6A724B5-3E8F-47A9-9548-7E03FD5CD7F7}.Debug|Any CPU.Build.0 = Debug|Any CPU
		{C6A724B5-3E8F-47A9-9548-7E03FD5CD7F7}.Release|Any CPU.ActiveCfg = Release|Any CPU
		{C6A724B5-3E8F-47A9-9548-7E03FD5CD7F7}.Release|Any CPU.Build.0 = Release|Any CPU
		{E24911D1-1F60-473E-A48C-1A2BF6CE806F}.Debug|Any CPU.ActiveCfg = Debug|Any CPU
		{E24911D1-1F60-473E-A48C-1A2BF6CE806F}.Debug|Any CPU.Build.0 = Debug|Any CPU
		{E24911D1-1F60-473E-A48C-1A2BF6CE806F}.Release|Any CPU.ActiveCfg = Release|Any CPU
		{E24911D1-1F60-473E-A48C-1A2BF6CE806F}.Release|Any CPU.Build.0 = Release|Any CPU
		{411F8038-E8CE-4834-BAB9-44A2DD2B939B}.Debug|Any CPU.ActiveCfg = Debug|Any CPU
		{411F8038-E8CE-4834-BAB9-44A2DD2B939B}.Debug|Any CPU.Build.0 = Debug|Any CPU
		{411F8038-E8CE-4834-BAB9-44A2DD2B939B}.Release|Any CPU.ActiveCfg = Release|Any CPU
		{411F8038-E8CE-4834-BAB9-44A2DD2B939B}.Release|Any CPU.Build.0 = Release|Any CPU
		{090A295A-CFDA-4180-BBAA-D5E218E1D0D7}.Debug|Any CPU.ActiveCfg = Debug|Any CPU
		{090A295A-CFDA-4180-BBAA-D5E218E1D0D7}.Debug|Any CPU.Build.0 = Debug|Any CPU
		{090A295A-CFDA-4180-BBAA-D5E218E1D0D7}.Release|Any CPU.ActiveCfg = Release|Any CPU
		{090A295A-CFDA-4180-BBAA-D5E218E1D0D7}.Release|Any CPU.Build.0 = Release|Any CPU
	EndGlobalSection
	GlobalSection(SolutionProperties) = preSolution
		HideSolutionNode = FALSE
	EndGlobalSection
	GlobalSection(ExtensibilityGlobals) = postSolution
		SolutionGuid = {2DD39373-C128-41CC-B43C-2A6FE3F518FD}
	EndGlobalSection
EndGlobal
